
Microsoft Visual Studio Solution File, Format Version 12.00
# Visual Studio Version 16
VisualStudioVersion = 16.0.31613.86
MinimumVisualStudioVersion = 10.0.40219.1
Project("{FAE04EC0-301F-11D3-BF4B-00C04F79EFBC}") = "LTQL_1721050227", "LTQL_1721050227\LTQL_1721050227.csproj", "{72CFD401-11D3-4210-9CE9-36C651755B56}"
EndProject
Global
	GlobalSection(SolutionConfigurationPlatforms) = preSolution
		Debug|Any CPU = Debug|Any CPU
		Release|Any CPU = Release|Any CPU
	EndGlobalSection
	GlobalSection(ProjectConfigurationPlatforms) = postSolution
		{72CFD401-11D3-4210-9CE9-36C651755B56}.Debug|Any CPU.ActiveCfg = Debug|Any CPU
		{72CFD401-11D3-4210-9CE9-36C651755B56}.Debug|Any CPU.Build.0 = Debug|Any CPU
		{72CFD401-11D3-4210-9CE9-36C651755B56}.Release|Any CPU.ActiveCfg = Release|Any CPU
		{72CFD401-11D3-4210-9CE9-36C651755B56}.Release|Any CPU.Build.0 = Release|Any CPU
	EndGlobalSection
	GlobalSection(SolutionProperties) = preSolution
		HideSolutionNode = FALSE
	EndGlobalSection
	GlobalSection(ExtensibilityGlobals) = postSolution
		SolutionGuid = {FE4C4399-2651-4D7F-8953-CBCFC569E2F3}
	EndGlobalSection
EndGlobal
